
Microsoft Visual Studio Solution File, Format Version 12.00
# Visual Studio 15
VisualStudioVersion = 15.0.28010.2046
MinimumVisualStudioVersion = 10.0.40219.1
Project("{9A19103F-16F7-4668-BE54-9A1E7A4F7556}") = "ConditionalCodeFlow", "ConditionalCodeFlow\ConditionalCodeFlow.csproj", "{920D3624-2100-4F78-BE5E-44CB5CF9065F}"
EndProject
Project("{FAE04EC0-301F-11D3-BF4B-00C04F79EFBC}") = "ConditionalCodeFlowTest", "ConditionalCodeFlowTest\ConditionalCodeFlowTest.csproj", "{BBD0A68D-4F61-4C2D-8FB8-6FDFAD59F8D2}"
EndProject
Global
	GlobalSection(SolutionConfigurationPlatforms) = preSolution
		Debug|Any CPU = Debug|Any CPU
		Release|Any CPU = Release|Any CPU
	EndGlobalSection
	GlobalSection(ProjectConfigurationPlatforms) = postSolution
		{920D3624-2100-4F78-BE5E-44CB5CF9065F}.Debug|Any CPU.ActiveCfg = Debug|Any CPU
		{920D3624-2100-4F78-BE5E-44CB5CF9065F}.Debug|Any CPU.Build.0 = Debug|Any CPU
		{920D3624-2100-4F78-BE5E-44CB5CF9065F}.Release|Any CPU.ActiveCfg = Release|Any CPU
		{920D3624-2100-4F78-BE5E-44CB5CF9065F}.Release|Any CPU.Build.0 = Release|Any CPU
		{BBD0A68D-4F61-4C2D-8FB8-6FDFAD59F8D2}.Debug|Any CPU.ActiveCfg = Debug|Any CPU
		{BBD0A68D-4F61-4C2D-8FB8-6FDFAD59F8D2}.Debug|Any CPU.Build.0 = Debug|Any CPU
		{BBD0A68D-4F61-4C2D-8FB8-6FDFAD59F8D2}.Release|Any CPU.ActiveCfg = Release|Any CPU
		{BBD0A68D-4F61-4C2D-8FB8-6FDFAD59F8D2}.Release|Any CPU.Build.0 = Release|Any CPU
	EndGlobalSection
	GlobalSection(SolutionProperties) = preSolution
		HideSolutionNode = FALSE
	EndGlobalSection
	GlobalSection(ExtensibilityGlobals) = postSolution
		SolutionGuid = {197045B4-1641-4FB7-82B1-E0423AA51C3F}
	EndGlobalSection
EndGlobal
